
Microsoft Visual Studio Solution File, Format Version 12.00
# Visual Studio Version 16
VisualStudioVersion = 25.0.1704.2
MinimumVisualStudioVersion = 10.0.40219.1
Project("{FAE04EC0-301F-11D3-BF4B-00C04F79EFBC}") = "HelloFriends", "HelloFriends\HelloFriends.csproj", "{716994F4-6C53-40BD-ACAD-33AE180A6B22}"
EndProject
Global
	GlobalSection(SolutionConfigurationPlatforms) = preSolution
		Debug|Any CPU = Debug|Any CPU
		Release|Any CPU = Release|Any CPU
	EndGlobalSection
	GlobalSection(ProjectConfigurationPlatforms) = postSolution
		{716994F4-6C53-40BD-ACAD-33AE180A6B22}.Debug|Any CPU.ActiveCfg = Debug|Any CPU
		{716994F4-6C53-40BD-ACAD-33AE180A6B22}.Debug|Any CPU.Build.0 = Debug|Any CPU
		{716994F4-6C53-40BD-ACAD-33AE180A6B22}.Release|Any CPU.ActiveCfg = Release|Any CPU
		{716994F4-6C53-40BD-ACAD-33AE180A6B22}.Release|Any CPU.Build.0 = Release|Any CPU
	EndGlobalSection
	GlobalSection(SolutionProperties) = preSolution
		HideSolutionNode = FALSE
	EndGlobalSection
	GlobalSection(ExtensibilityGlobals) = postSolution
		SolutionGuid = {5C769C18-33A3-4C75-B154-F840E999FE29}
	EndGlobalSection
EndGlobal
